
Microsoft Visual Studio Solution File, Format Version 12.00
# Visual Studio Version 16
VisualStudioVersion = 16.0.30330.147
MinimumVisualStudioVersion = 10.0.40219.1
Project("{2150E333-8FDC-42A3-9474-1A3956D46DE8}") = "1 - Presentation", "1 - Presentation", "{04F62972-5BDD-4244-A149-AB997E8A8D85}"
EndProject
Project("{2150E333-8FDC-42A3-9474-1A3956D46DE8}") = "2 - Application", "2 - Application", "{47925326-22BA-405D-B22F-DD3E92CD1FCA}"
EndProject
Project("{2150E333-8FDC-42A3-9474-1A3956D46DE8}") = "3 - Domain", "3 - Domain", "{686B1CD8-D370-4C26-8CC2-6773379F776E}"
EndProject
Project("{2150E333-8FDC-42A3-9474-1A3956D46DE8}") = "4 - Infra", "4 - Infra", "{254B536B-BF22-42E9-9627-AE50A5F7B0E7}"
EndProject
Project("{9A19103F-16F7-4668-BE54-9A1E7A4F7556}") = "DebitCreditAPI.Domain", "DebitCreditAPI.Domain\DebitCreditAPI.Domain.csproj", "{01CCF455-618A-498B-B887-92E7331D7520}"
EndProject
Project("{9A19103F-16F7-4668-BE54-9A1E7A4F7556}") = "DebitCreditAPI.Domain.Core", "DebitCreditAPI.Domain.Core\DebitCreditAPI.Domain.Core.csproj", "{F4933ED4-AE81-40BD-8C1B-635D2602AD69}"
EndProject
Project("{9A19103F-16F7-4668-BE54-9A1E7A4F7556}") = "DebitCreditAPI.Domain.Services", "DebitCreditAPI.Domain.Services\DebitCreditAPI.Domain.Services.csproj", "{9F7A3718-E382-4162-AE3B-264CA016D7BC}"
EndProject
Project("{9A19103F-16F7-4668-BE54-9A1E7A4F7556}") = "DebitCreditAPI.Application", "DebitCreditAPI.Application\DebitCreditAPI.Application.csproj", "{FA115743-A918-494E-9211-8944E06EBFDF}"
EndProject
Project("{9A19103F-16F7-4668-BE54-9A1E7A4F7556}") = "DebitCreditAPI.Application.DTO", "DebitCreditAPI.Application.DTO\DebitCreditAPI.Application.DTO.csproj", "{8FCF7DEE-C950-4760-90A2-24B9B3E3B0F7}"
EndProject
Project("{2150E333-8FDC-42A3-9474-1A3956D46DE8}") = "4.1 - Data", "4.1 - Data", "{0B2DFB97-CC00-4F53-9307-FE48C4EC4292}"
EndProject
Project("{2150E333-8FDC-42A3-9474-1A3956D46DE8}") = "4.2 - CrossCutting", "4.2 - CrossCutting", "{BB1A4BFF-502B-4912-8CE1-9D6832A331DF}"
EndProject
Project("{9A19103F-16F7-4668-BE54-9A1E7A4F7556}") = "DebitCreditAPI.Infra.CrossCutting.Adapter", "DebitCreditAPI.Infra.CrossCutting.Adapter\DebitCreditAPI.Infra.CrossCutting.Adapter.csproj", "{7464F1F3-FC12-4E00-B632-3DB3C86C27E9}"
EndProject
Project("{9A19103F-16F7-4668-BE54-9A1E7A4F7556}") = "DebitCreditAPI.Infra.Data", "DebitCreditAPI.Infra.Data\DebitCreditAPI.Infra.Data.csproj", "{5FFF0E24-7A5D-4245-B411-49986AC1D1CA}"
EndProject
Project("{9A19103F-16F7-4668-BE54-9A1E7A4F7556}") = "DebitCreditAPI.Infra.Repository", "DebitCreditAPI.Infra.Repository\DebitCreditAPI.Infra.Repository.csproj", "{05C49D19-9178-4D36-8925-13CF3AA32269}"
EndProject
Project("{9A19103F-16F7-4668-BE54-9A1E7A4F7556}") = "DebitCreditAPI.Infra.CrossCutting.IOC", "DebitCreditAPI.Infra.CrossCutting.IOC\DebitCreditAPI.Infra.CrossCutting.IOC.csproj", "{320D5433-2684-4256-87B1-DF8753EC698C}"
EndProject
Project("{9A19103F-16F7-4668-BE54-9A1E7A4F7556}") = "DebitCreditAPI.Presentation", "DebitCreditAPI.Presentation\DebitCreditAPI.Presentation.csproj", "{10750C7D-F95A-4397-882B-6334F7475A91}"
EndProject
Project("{2150E333-8FDC-42A3-9474-1A3956D46DE8}") = "Tests", "Tests", "{B95A3846-B756-416F-A505-FF22D5219A08}"
EndProject
Project("{FAE04EC0-301F-11D3-BF4B-00C04F79EFBC}") = "DebitCreditAPI.Test", "DebitCreditAPI.Test\DebitCreditAPI.Test.csproj", "{11CBE07A-7073-4FD8-821D-DA63EF608FF4}"
EndProject
Global
	GlobalSection(SolutionConfigurationPlatforms) = preSolution
		Debug|Any CPU = Debug|Any CPU
		Release|Any CPU = Release|Any CPU
	EndGlobalSection
	GlobalSection(ProjectConfigurationPlatforms) = postSolution
		{01CCF455-618A-498B-B887-92E7331D7520}.Debug|Any CPU.ActiveCfg = Debug|Any CPU
		{01CCF455-618A-498B-B887-92E7331D7520}.Debug|Any CPU.Build.0 = Debug|Any CPU
		{01CCF455-618A-498B-B887-92E7331D7520}.Release|Any CPU.ActiveCfg = Release|Any CPU
		{01CCF455-618A-498B-B887-92E7331D7520}.Release|Any CPU.Build.0 = Release|Any CPU
		{F4933ED4-AE81-40BD-8C1B-635D2602AD69}.Debug|Any CPU.ActiveCfg = Debug|Any CPU
		{F4933ED4-AE81-40BD-8C1B-635D2602AD69}.Debug|Any CPU.Build.0 = Debug|Any CPU
		{F4933ED4-AE81-40BD-8C1B-635D2602AD69}.Release|Any CPU.ActiveCfg = Release|Any CPU
		{F4933ED4-AE81-40BD-8C1B-635D2602AD69}.Release|Any CPU.Build.0 = Release|Any CPU
		{9F7A3718-E382-4162-AE3B-264CA016D7BC}.Debug|Any CPU.ActiveCfg = Debug|Any CPU
		{9F7A3718-E382-4162-AE3B-264CA016D7BC}.Debug|Any CPU.Build.0 = Debug|Any CPU
		{9F7A3718-E382-4162-AE3B-264CA016D7BC}.Release|Any CPU.ActiveCfg = Release|Any CPU
		{9F7A3718-E382-4162-AE3B-264CA016D7BC}.Release|Any CPU.Build.0 = Release|Any CPU
		{FA115743-A918-494E-9211-8944E06EBFDF}.Debug|Any CPU.ActiveCfg = Debug|Any CPU
		{FA115743-A918-494E-9211-8944E06EBFDF}.Debug|Any CPU.Build.0 = Debug|Any CPU
		{FA115743-A918-494E-9211-8944E06EBFDF}.Release|Any CPU.ActiveCfg = Release|Any CPU
		{FA115743-A918-494E-9211-8944E06EBFDF}.Release|Any CPU.Build.0 = Release|Any CPU
		{8FCF7DEE-C950-4760-90A2-24B9B3E3B0F7}.Debug|Any CPU.ActiveCfg = Debug|Any CPU
		{8FCF7DEE-C950-4760-90A2-24B9B3E3B0F7}.Debug|Any CPU.Build.0 = Debug|Any CPU
		{8FCF7DEE-C950-4760-90A2-24B9B3E3B0F7}.Release|Any CPU.ActiveCfg = Release|Any CPU
		{8FCF7DEE-C950-4760-90A2-24B9B3E3B0F7}.Release|Any CPU.Build.0 = Release|Any CPU
		{7464F1F3-FC12-4E00-B632-3DB3C86C27E9}.Debug|Any CPU.ActiveCfg = Debug|Any CPU
		{7464F1F3-FC12-4E00-B632-3DB3C86C27E9}.Debug|Any CPU.Build.0 = Debug|Any CPU
		{7464F1F3-FC12-4E00-B632-3DB3C86C27E9}.Release|Any CPU.ActiveCfg = Release|Any CPU
		{7464F1F3-FC12-4E00-B632-3DB3C86C27E9}.Release|Any CPU.Build.0 = Release|Any CPU
		{5FFF0E24-7A5D-4245-B411-49986AC1D1CA}.Debug|Any CPU.ActiveCfg = Debug|Any CPU
		{5FFF0E24-7A5D-4245-B411-49986AC1D1CA}.Debug|Any CPU.Build.0 = Debug|Any CPU
		{5FFF0E24-7A5D-4245-B411-49986AC1D1CA}.Release|Any CPU.ActiveCfg = Release|Any CPU
		{5FFF0E24-7A5D-4245-B411-49986AC1D1CA}.Release|Any CPU.Build.0 = Release|Any CPU
		{05C49D19-9178-4D36-8925-13CF3AA32269}.Debug|Any CPU.ActiveCfg = Debug|Any CPU
		{05C49D19-9178-4D36-8925-13CF3AA32269}.Debug|Any CPU.Build.0 = Debug|Any CPU
		{05C49D19-9178-4D36-8925-13CF3AA32269}.Release|Any CPU.ActiveCfg = Release|Any CPU
		{05C49D19-9178-4D36-8925-13CF3AA32269}.Release|Any CPU.Build.0 = Release|Any CPU
		{320D5433-2684-4256-87B1-DF8753EC698C}.Debug|Any CPU.ActiveCfg = Debug|Any CPU
		{320D5433-2684-4256-87B1-DF8753EC698C}.Debug|Any CPU.Build.0 = Debug|Any CPU
		{320D5433-2684-4256-87B1-DF8753EC698C}.Release|Any CPU.ActiveCfg = Release|Any CPU
		{320D5433-2684-4256-87B1-DF8753EC698C}.Release|Any CPU.Build.0 = Release|Any CPU
		{10750C7D-F95A-4397-882B-6334F7475A91}.Debug|Any CPU.ActiveCfg = Debug|Any CPU
		{10750C7D-F95A-4397-882B-6334F7475A91}.Debug|Any CPU.Build.0 = Debug|Any CPU
		{10750C7D-F95A-4397-882B-6334F7475A91}.Release|Any CPU.ActiveCfg = Release|Any CPU
		{10750C7D-F95A-4397-882B-6334F7475A91}.Release|Any CPU.Build.0 = Release|Any CPU
		{11CBE07A-7073-4FD8-821D-DA63EF608FF4}.Debug|Any CPU.ActiveCfg = Debug|Any CPU
		{11CBE07A-7073-4FD8-821D-DA63EF608FF4}.Debug|Any CPU.Build.0 = Debug|Any CPU
		{11CBE07A-7073-4FD8-821D-DA63EF608FF4}.Release|Any CPU.ActiveCfg = Release|Any CPU
		{11CBE07A-7073-4FD8-821D-DA63EF608FF4}.Release|Any CPU.Build.0 = Release|Any CPU
	EndGlobalSection
	GlobalSection(SolutionProperties) = preSolution
		HideSolutionNode = FALSE
	EndGlobalSection
	GlobalSection(NestedProjects) = preSolution
		{01CCF455-618A-498B-B887-92E7331D7520} = {686B1CD8-D370-4C26-8CC2-6773379F776E}
		{F4933ED4-AE81-40BD-8C1B-635D2602AD69} = {686B1CD8-D370-4C26-8CC2-6773379F776E}
		{9F7A3718-E382-4162-AE3B-264CA016D7BC} = {686B1CD8-D370-4C26-8CC2-6773379F776E}
		{FA115743-A918-494E-9211-8944E06EBFDF} = {47925326-22BA-405D-B22F-DD3E92CD1FCA}
		{8FCF7DEE-C950-4760-90A2-24B9B3E3B0F7} = {47925326-22BA-405D-B22F-DD3E92CD1FCA}
		{0B2DFB97-CC00-4F53-9307-FE48C4EC4292} = {254B536B-BF22-42E9-9627-AE50A5F7B0E7}
		{BB1A4BFF-502B-4912-8CE1-9D6832A331DF} = {254B536B-BF22-42E9-9627-AE50A5F7B0E7}
		{7464F1F3-FC12-4E00-B632-3DB3C86C27E9} = {BB1A4BFF-502B-4912-8CE1-9D6832A331DF}
		{5FFF0E24-7A5D-4245-B411-49986AC1D1CA} = {0B2DFB97-CC00-4F53-9307-FE48C4EC4292}
		{05C49D19-9178-4D36-8925-13CF3AA32269} = {0B2DFB97-CC00-4F53-9307-FE48C4EC4292}
		{320D5433-2684-4256-87B1-DF8753EC698C} = {BB1A4BFF-502B-4912-8CE1-9D6832A331DF}
		{10750C7D-F95A-4397-882B-6334F7475A91} = {04F62972-5BDD-4244-A149-AB997E8A8D85}
		{11CBE07A-7073-4FD8-821D-DA63EF608FF4} = {B95A3846-B756-416F-A505-FF22D5219A08}
	EndGlobalSection
	GlobalSection(ExtensibilityGlobals) = postSolution
		SolutionGuid = {CCC9FD05-44C1-4558-BA21-99FD08FE31FB}
	EndGlobalSection
EndGlobal
